
Microsoft Visual Studio Solution File, Format Version 12.00
# Visual Studio Version 17
VisualStudioVersion = 17.9.34701.34
MinimumVisualStudioVersion = 10.0.40219.1
Project("{FAE04EC0-301F-11D3-BF4B-00C04F79EFBC}") = "graph", "graph\graph.csproj", "{5C3BFFB6-17B5-4BDA-960D-5AD494933D20}"
EndProject
Global
	GlobalSection(SolutionConfigurationPlatforms) = preSolution
		Debug|Any CPU = Debug|Any CPU
		Release|Any CPU = Release|Any CPU
	EndGlobalSection
	GlobalSection(ProjectConfigurationPlatforms) = postSolution
		{5C3BFFB6-17B5-4BDA-960D-5AD494933D20}.Debug|Any CPU.ActiveCfg = Debug|Any CPU
		{5C3BFFB6-17B5-4BDA-960D-5AD494933D20}.Debug|Any CPU.Build.0 = Debug|Any CPU
		{5C3BFFB6-17B5-4BDA-960D-5AD494933D20}.Release|Any CPU.ActiveCfg = Release|Any CPU
		{5C3BFFB6-17B5-4BDA-960D-5AD494933D20}.Release|Any CPU.Build.0 = Release|Any CPU
	EndGlobalSection
	GlobalSection(SolutionProperties) = preSolution
		HideSolutionNode = FALSE
	EndGlobalSection
	GlobalSection(ExtensibilityGlobals) = postSolution
		SolutionGuid = {8D24BA69-8213-44F1-BCC1-A54118C72953}
	EndGlobalSection
EndGlobal
